
Microsoft Visual Studio Solution File, Format Version 12.00
# Visual Studio Version 16
VisualStudioVersion = 16.0.29613.14
MinimumVisualStudioVersion = 10.0.40219.1
Project("{2150E333-8FDC-42A3-9474-1A3956D46DE8}") = "Microservices", "Microservices", "{C458CE92-2A9C-490C-8DB3-0A30A934F1CE}"
EndProject
Project("{2150E333-8FDC-42A3-9474-1A3956D46DE8}") = "Domain", "Domain", "{B9E3A62B-CEB8-4D6E-9999-092AF7F98348}"
EndProject
Project("{2150E333-8FDC-42A3-9474-1A3956D46DE8}") = "Infra.Bus", "Infra.Bus", "{43D48A10-AB35-4D69-A089-7BBB614621BB}"
EndProject
Project("{2150E333-8FDC-42A3-9474-1A3956D46DE8}") = "Infra.IoC", "Infra.IoC", "{0F99EE9B-6F65-4CD9-9028-A19180CD5D35}"
EndProject
Project("{2150E333-8FDC-42A3-9474-1A3956D46DE8}") = "Presentation", "Presentation", "{DFDF1F34-FAAE-41F5-B165-4A992BE63017}"
EndProject
Project("{FAE04EC0-301F-11D3-BF4B-00C04F79EFBC}") = "MicroRabbit.Domain.Core", "MicroRabbit.Domain.Core\MicroRabbit.Domain.Core.csproj", "{29177A50-6FA6-493C-9DE6-7B2D570D71E7}"
EndProject
Global
	GlobalSection(SolutionConfigurationPlatforms) = preSolution
		Debug|Any CPU = Debug|Any CPU
		Release|Any CPU = Release|Any CPU
	EndGlobalSection
	GlobalSection(ProjectConfigurationPlatforms) = postSolution
		{29177A50-6FA6-493C-9DE6-7B2D570D71E7}.Debug|Any CPU.ActiveCfg = Debug|Any CPU
		{29177A50-6FA6-493C-9DE6-7B2D570D71E7}.Debug|Any CPU.Build.0 = Debug|Any CPU
		{29177A50-6FA6-493C-9DE6-7B2D570D71E7}.Release|Any CPU.ActiveCfg = Release|Any CPU
		{29177A50-6FA6-493C-9DE6-7B2D570D71E7}.Release|Any CPU.Build.0 = Release|Any CPU
	EndGlobalSection
	GlobalSection(SolutionProperties) = preSolution
		HideSolutionNode = FALSE
	EndGlobalSection
	GlobalSection(NestedProjects) = preSolution
		{29177A50-6FA6-493C-9DE6-7B2D570D71E7} = {B9E3A62B-CEB8-4D6E-9999-092AF7F98348}
	EndGlobalSection
	GlobalSection(ExtensibilityGlobals) = postSolution
		SolutionGuid = {DFC678CB-547B-473B-94F1-9D5360565DEF}
	EndGlobalSection
EndGlobal
